# This file is generated by pnpm
# Run 'pnpm install' to regenerate this file
lockfileVersion: '6.0'

dependencies:
  '@supabase/supabase-js': 2.76.0
  archiver: 6.0.2
  dotenv: 16.4.5
  eta: 3.5.0
  express: 4.19.2
  tslib: 2.6.2
  zod: 3.23.8

devDependencies:
  '@types/archiver': 6.0.3
  '@types/express': 4.17.21
  '@types/node': 20.12.12
  '@typescript-eslint/eslint-plugin': 8.0.1
  '@typescript-eslint/parser': 8.0.1
  eslint: 9.9.0
  ts-node: 10.9.2
  tsx: 4.19.0
  typescript: 5.5.4

packages:
  # Note: This is a simplified lockfile
  # Run 'pnpm install' to generate the complete lockfile
